
Microsoft Visual Studio Solution File, Format Version 12.00
# Visual Studio Version 17
VisualStudioVersion = 17.10.35027.167
MinimumVisualStudioVersion = 10.0.40219.1
Project("{FAE04EC0-301F-11D3-BF4B-00C04F79EFBC}") = "Cassino", "Cassino\Cassino.csproj", "{43159C56-BDFA-480C-867A-BFBB25B20C6E}"
EndProject
Global
	GlobalSection(SolutionConfigurationPlatforms) = preSolution
		Debug|Any CPU = Debug|Any CPU
		Release|Any CPU = Release|Any CPU
	EndGlobalSection
	GlobalSection(ProjectConfigurationPlatforms) = postSolution
		{43159C56-BDFA-480C-867A-BFBB25B20C6E}.Debug|Any CPU.ActiveCfg = Debug|Any CPU
		{43159C56-BDFA-480C-867A-BFBB25B20C6E}.Debug|Any CPU.Build.0 = Debug|Any CPU
		{43159C56-BDFA-480C-867A-BFBB25B20C6E}.Release|Any CPU.ActiveCfg = Release|Any CPU
		{43159C56-BDFA-480C-867A-BFBB25B20C6E}.Release|Any CPU.Build.0 = Release|Any CPU
	EndGlobalSection
	GlobalSection(SolutionProperties) = preSolution
		HideSolutionNode = FALSE
	EndGlobalSection
	GlobalSection(ExtensibilityGlobals) = postSolution
		SolutionGuid = {60F49066-7305-4612-99E7-0AC32CD9C2E5}
	EndGlobalSection
EndGlobal
